
Microsoft Visual Studio Solution File, Format Version 12.00
# Visual Studio 14
VisualStudioVersion = 14.0.25420.1
MinimumVisualStudioVersion = 10.0.40219.1
Project("{8BC9CEB8-8B4A-11D0-8D11-00A0C91BC942}") = "mfc_ribbon", "mfc_ribbon\mfc_ribbon.vcxproj", "{3154E5EA-4117-49DF-B683-B18631E6BB48}"
EndProject
Global
	GlobalSection(SolutionConfigurationPlatforms) = preSolution
		Debug|x64 = Debug|x64
		Debug|x86 = Debug|x86
		Release|x64 = Release|x64
		Release|x86 = Release|x86
	EndGlobalSection
	GlobalSection(ProjectConfigurationPlatforms) = postSolution
		{3154E5EA-4117-49DF-B683-B18631E6BB48}.Debug|x64.ActiveCfg = Debug|x64
		{3154E5EA-4117-49DF-B683-B18631E6BB48}.Debug|x64.Build.0 = Debug|x64
		{3154E5EA-4117-49DF-B683-B18631E6BB48}.Debug|x86.ActiveCfg = Debug|Win32
		{3154E5EA-4117-49DF-B683-B18631E6BB48}.Debug|x86.Build.0 = Debug|Win32
		{3154E5EA-4117-49DF-B683-B18631E6BB48}.Release|x64.ActiveCfg = Release|x64
		{3154E5EA-4117-49DF-B683-B18631E6BB48}.Release|x64.Build.0 = Release|x64
		{3154E5EA-4117-49DF-B683-B18631E6BB48}.Release|x86.ActiveCfg = Release|Win32
		{3154E5EA-4117-49DF-B683-B18631E6BB48}.Release|x86.Build.0 = Release|Win32
	EndGlobalSection
	GlobalSection(SolutionProperties) = preSolution
		HideSolutionNode = FALSE
	EndGlobalSection
EndGlobal
